
Microsoft Visual Studio Solution File, Format Version 12.00
# Visual Studio 15
VisualStudioVersion = 15.0.28010.2036
MinimumVisualStudioVersion = 10.0.40219.1
Project("{FAE04EC0-301F-11D3-BF4B-00C04F79EFBC}") = "Th0reb3n HeizungTest", "Th0reb3n HeizungTest\Th0reb3n HeizungTest.csproj", "{4966B0E3-DD7E-4048-8618-0908CA5E63CB}"
EndProject
Global
	GlobalSection(SolutionConfigurationPlatforms) = preSolution
		Debug|Any CPU = Debug|Any CPU
		Release|Any CPU = Release|Any CPU
	EndGlobalSection
	GlobalSection(ProjectConfigurationPlatforms) = postSolution
		{4966B0E3-DD7E-4048-8618-0908CA5E63CB}.Debug|Any CPU.ActiveCfg = Debug|Any CPU
		{4966B0E3-DD7E-4048-8618-0908CA5E63CB}.Debug|Any CPU.Build.0 = Debug|Any CPU
		{4966B0E3-DD7E-4048-8618-0908CA5E63CB}.Release|Any CPU.ActiveCfg = Release|Any CPU
		{4966B0E3-DD7E-4048-8618-0908CA5E63CB}.Release|Any CPU.Build.0 = Release|Any CPU
	EndGlobalSection
	GlobalSection(SolutionProperties) = preSolution
		HideSolutionNode = FALSE
	EndGlobalSection
	GlobalSection(ExtensibilityGlobals) = postSolution
		SolutionGuid = {064ACAAD-3E08-4ABA-BA3D-519E1F29DDAC}
	EndGlobalSection
EndGlobal
